
Microsoft Visual Studio Solution File, Format Version 12.00
# Visual Studio Version 18
VisualStudioVersion = 18.1.11312.151
MinimumVisualStudioVersion = 10.0.40219.1
Project("{8BC9CEB8-8B4A-11D0-8D11-00A0C91BC942}") = "VanaCargo", "VanaCargo\VanaCargo.vcxproj", "{F12F747C-8E43-42C6-AF46-DAA6ECA078DE}"
EndProject
Project("{8BC9CEB8-8B4A-11D0-8D11-00A0C91BC942}") = "VanaCargoCore", "VanaCargoCore\VanaCargoCore.vcxproj", "{A51C2007-CD2C-4724-9573-98790176B3AF}"
EndProject
Project("{8BC9CEB8-8B4A-11D0-8D11-00A0C91BC942}") = "VanaCargoBridge", "VanaCargoBridge\VanaCargoBridge.vcxproj", "{B7C8B8B2-CF55-447C-91D7-7315BC663EFE}"
EndProject
Project("{FAE04EC0-301F-11D3-BF4B-00C04F79EFBC}") = "VanaCargoApp", "VanaCargoApp\VanaCargoApp.csproj", "{5F187C73-3E78-4C87-929D-3323A32EF11B}"
EndProject
Global
	GlobalSection(SolutionConfigurationPlatforms) = preSolution
		Debug GDI|Win32 = Debug GDI|Win32
		Debug GDI+|Win32 = Debug GDI+|Win32
		Debug|Win32 = Debug|Win32
		Release GDI|Win32 = Release GDI|Win32
		Release GDI+|Win32 = Release GDI+|Win32
		Release|Win32 = Release|Win32
	EndGlobalSection
	GlobalSection(ProjectConfigurationPlatforms) = postSolution
		{F12F747C-8E43-42C6-AF46-DAA6ECA078DE}.Debug GDI|Win32.ActiveCfg = Debug GDI|Win32
		{F12F747C-8E43-42C6-AF46-DAA6ECA078DE}.Debug GDI|Win32.Build.0 = Debug GDI|Win32
		{F12F747C-8E43-42C6-AF46-DAA6ECA078DE}.Debug GDI+|Win32.ActiveCfg = Debug|Win32
		{F12F747C-8E43-42C6-AF46-DAA6ECA078DE}.Debug GDI+|Win32.Build.0 = Debug|Win32
		{F12F747C-8E43-42C6-AF46-DAA6ECA078DE}.Debug|Win32.ActiveCfg = Debug|Win32
		{F12F747C-8E43-42C6-AF46-DAA6ECA078DE}.Debug|Win32.Build.0 = Debug|Win32
		{F12F747C-8E43-42C6-AF46-DAA6ECA078DE}.Release GDI|Win32.ActiveCfg = Release GDI|Win32
		{F12F747C-8E43-42C6-AF46-DAA6ECA078DE}.Release GDI|Win32.Build.0 = Release GDI|Win32
		{F12F747C-8E43-42C6-AF46-DAA6ECA078DE}.Release GDI+|Win32.ActiveCfg = Release|Win32
		{F12F747C-8E43-42C6-AF46-DAA6ECA078DE}.Release GDI+|Win32.Build.0 = Release|Win32
		{F12F747C-8E43-42C6-AF46-DAA6ECA078DE}.Release|Win32.ActiveCfg = Release|Win32
		{F12F747C-8E43-42C6-AF46-DAA6ECA078DE}.Release|Win32.Build.0 = Release|Win32
		{A51C2007-CD2C-4724-9573-98790176B3AF}.Debug GDI|Win32.ActiveCfg = Debug GDI|Win32
		{A51C2007-CD2C-4724-9573-98790176B3AF}.Debug GDI|Win32.Build.0 = Debug GDI|Win32
		{A51C2007-CD2C-4724-9573-98790176B3AF}.Debug GDI+|Win32.ActiveCfg = Debug|Win32
		{A51C2007-CD2C-4724-9573-98790176B3AF}.Debug GDI+|Win32.Build.0 = Debug|Win32
		{A51C2007-CD2C-4724-9573-98790176B3AF}.Debug|Win32.ActiveCfg = Debug|Win32
		{A51C2007-CD2C-4724-9573-98790176B3AF}.Debug|Win32.Build.0 = Debug|Win32
		{A51C2007-CD2C-4724-9573-98790176B3AF}.Release GDI|Win32.ActiveCfg = Release GDI|Win32
		{A51C2007-CD2C-4724-9573-98790176B3AF}.Release GDI|Win32.Build.0 = Release GDI|Win32
		{A51C2007-CD2C-4724-9573-98790176B3AF}.Release GDI+|Win32.ActiveCfg = Release|Win32
		{A51C2007-CD2C-4724-9573-98790176B3AF}.Release GDI+|Win32.Build.0 = Release|Win32
		{A51C2007-CD2C-4724-9573-98790176B3AF}.Release|Win32.ActiveCfg = Release|Win32
		{A51C2007-CD2C-4724-9573-98790176B3AF}.Release|Win32.Build.0 = Release|Win32
		{B7C8B8B2-CF55-447C-91D7-7315BC663EFE}.Debug GDI|Win32.ActiveCfg = Debug|Win32
		{B7C8B8B2-CF55-447C-91D7-7315BC663EFE}.Debug GDI|Win32.Build.0 = Debug|Win32
		{B7C8B8B2-CF55-447C-91D7-7315BC663EFE}.Debug GDI+|Win32.ActiveCfg = Debug|Win32
		{B7C8B8B2-CF55-447C-91D7-7315BC663EFE}.Debug GDI+|Win32.Build.0 = Debug|Win32
		{B7C8B8B2-CF55-447C-91D7-7315BC663EFE}.Debug|Win32.ActiveCfg = Debug|Win32
		{B7C8B8B2-CF55-447C-91D7-7315BC663EFE}.Debug|Win32.Build.0 = Debug|Win32
		{B7C8B8B2-CF55-447C-91D7-7315BC663EFE}.Release GDI|Win32.ActiveCfg = Release|Win32
		{B7C8B8B2-CF55-447C-91D7-7315BC663EFE}.Release GDI|Win32.Build.0 = Release|Win32
		{B7C8B8B2-CF55-447C-91D7-7315BC663EFE}.Release GDI+|Win32.ActiveCfg = Release|Win32
		{B7C8B8B2-CF55-447C-91D7-7315BC663EFE}.Release GDI+|Win32.Build.0 = Release|Win32
		{B7C8B8B2-CF55-447C-91D7-7315BC663EFE}.Release|Win32.ActiveCfg = Release|Win32
		{B7C8B8B2-CF55-447C-91D7-7315BC663EFE}.Release|Win32.Build.0 = Release|Win32
		{5F187C73-3E78-4C87-929D-3323A32EF11B}.Debug GDI|Win32.ActiveCfg = Debug|x86
		{5F187C73-3E78-4C87-929D-3323A32EF11B}.Debug GDI|Win32.Build.0 = Debug|x86
		{5F187C73-3E78-4C87-929D-3323A32EF11B}.Debug GDI+|Win32.ActiveCfg = Debug|x86
		{5F187C73-3E78-4C87-929D-3323A32EF11B}.Debug GDI+|Win32.Build.0 = Debug|x86
		{5F187C73-3E78-4C87-929D-3323A32EF11B}.Debug|Win32.ActiveCfg = Debug|x86
		{5F187C73-3E78-4C87-929D-3323A32EF11B}.Debug|Win32.Build.0 = Debug|x86
		{5F187C73-3E78-4C87-929D-3323A32EF11B}.Release GDI|Win32.ActiveCfg = Release|x86
		{5F187C73-3E78-4C87-929D-3323A32EF11B}.Release GDI|Win32.Build.0 = Release|x86
		{5F187C73-3E78-4C87-929D-3323A32EF11B}.Release GDI+|Win32.ActiveCfg = Release|x86
		{5F187C73-3E78-4C87-929D-3323A32EF11B}.Release GDI+|Win32.Build.0 = Release|x86
		{5F187C73-3E78-4C87-929D-3323A32EF11B}.Release|Win32.ActiveCfg = Release|x86
		{5F187C73-3E78-4C87-929D-3323A32EF11B}.Release|Win32.Build.0 = Release|x86
	EndGlobalSection
	GlobalSection(SolutionProperties) = preSolution
		HideSolutionNode = FALSE
	EndGlobalSection
	GlobalSection(ExtensibilityGlobals) = postSolution
		SolutionGuid = {BFA15871-C140-458E-904E-1099B4D7C1C1}
		VisualSVNWorkingCopyRoot = .
	EndGlobalSection
	GlobalSection(SubversionScc) = preSolution
		Svn-Managed = True
		Manager = AnkhSVN - Subversion Support for Visual Studio
	EndGlobalSection
EndGlobal
